# This file is automatically @generated by Poetry 1.5.1 and should not be changed by hand.

[[package]]
name = "torch"
version = "1.13.0"
description = "Tensors and Dynamic neural networks in Python with strong GPU acceleration"
optional = false
python-versions = ">=3.7.0"
files = [
    {file = "torch-1.13.0-cp310-none-macosx_11_0_arm64.whl", hash = "sha256:0fdd38c96230947b1ed870fed4a560252f8d23c3a2bf4dab9d2d42b18f2e67c8"},
]

[package.dependencies]
typing-extensions = "*"

[package.extras]
opt-einsum = ["opt-einsum (>=3.3)"]

[package.source]
type = "url"
url = "https://download.pytorch.org/whl/cpu/torch-1.13.0-cp310-none-macosx_11_0_arm64.whl"

[[package]]
name = "typing-extensions"
version = "4.6.3"
description = "Backported and Experimental Type Hints for Python 3.7+"
optional = false
python-versions = ">=3.7"
files = [
    {file = "typing_extensions-4.6.3-py3-none-any.whl", hash = "sha256:88a4153d8505aabbb4e13aacb7c486c2b4a33ca3b3f807914a9b4c844c471c26"},
    {file = "typing_extensions-4.6.3.tar.gz", hash = "sha256:d91d5919357fe7f681a9f2b5b4cb2a5f1ef0a1e9f59c4d8ff0d3491e05c0ffd5"},
]

[metadata]
lock-version = "2.0"
python-versions = "^3.10"
content-hash = "7cf73226da65ac063b0eb0d0b3b3c19d26c728938da762f66e2e5809754d559b"
